# This file was autogenerated by Stack.
# You should not edit this file by hand.
# For more information, please see the documentation at:
#   https://docs.haskellstack.org/en/stable/lock_files

packages:
- completed:
    cabal-file:
      size: 1947
      sha256: 0471ccbebe65042938bf37fdffb5f3d60f4a75b7a0c33dae5245d118280be0c3
    name: lucid-from-html
    version: 0.7.0
    git: https://github.com/alogic0/lucid-from-html.git
    pantry-tree:
      size: 1854
      sha256: d26fcf8db230a34906502b71a019debd995732b92c31f89bdc20aedcf644ab81
    commit: 3d42b8fc45be08a0697e73441e4d28483b0cef90
  original:
    git: https://github.com/alogic0/lucid-from-html.git
    commit: 3d42b8fc45be08a0697e73441e4d28483b0cef90
snapshots:
- completed:
    size: 524996
    url: https://raw.githubusercontent.com/commercialhaskell/stackage-snapshots/master/lts/14/27.yaml
    sha256: 7ea31a280c56bf36ff591a7397cc384d0dff622e7f9e4225b47d8980f019a0f0
  original: lts-14.27
